// !$*UTF8*$!
{
	archiveVersion = 1;
	classes = {
	};
	objectVersion = 50;
	objects = {

/* Begin PBXBuildFile section */
		5276BDE82657F691006633FC /* AppDelegate.swift in Sources */ = {isa = PBXBuildFile; fileRef = 5276BDE72657F691006633FC /* AppDelegate.swift */; };
		5276BDEA2657F691006633FC /* SceneDelegate.swift in Sources */ = {isa = PBXBuildFile; fileRef = 5276BDE92657F691006633FC /* SceneDelegate.swift */; };
		5276BDEC2657F691006633FC /* ClockViewController.swift in Sources */ = {isa = PBXBuildFile; fileRef = 5276BDEB2657F691006633FC /* ClockViewController.swift */; };
		5276BDEF2657F691006633FC /* Main.storyboard in Resources */ = {isa = PBXBuildFile; fileRef = 5276BDED2657F691006633FC /* Main.storyboard */; };
		5276BDF12657F692006633FC /* Assets.xcassets in Resources */ = {isa = PBXBuildFile; fileRef = 5276BDF02657F692006633FC /* Assets.xcassets */; };
		5276BDF42657F692006633FC /* LaunchScreen.storyboard in Resources */ = {isa = PBXBuildFile; fileRef = 5276BDF22657F692006633FC /* LaunchScreen.storyboard */; };
		5276BDFC2658ABDD006633FC /* ClockTicksLayer.swift in Sources */ = {isa = PBXBuildFile; fileRef = 5276BDFB2658ABDD006633FC /* ClockTicksLayer.swift */; };
		5276BDFF265912F8006633FC /* ClockNumeralsLayer.swift in Sources */ = {isa = PBXBuildFile; fileRef = 5276BDFE265912F8006633FC /* ClockNumeralsLayer.swift */; };
		5276BE01265916BF006633FC /* Utilities.swift in Sources */ = {isa = PBXBuildFile; fileRef = 5276BE00265916BF006633FC /* Utilities.swift */; };
		5276BE03265948DD006633FC /* ClockHandsLayer.swift in Sources */ = {isa = PBXBuildFile; fileRef = 5276BE02265948DD006633FC /* ClockHandsLayer.swift */; };
		5276BE05265A1264006633FC /* ClockView.swift in Sources */ = {isa = PBXBuildFile; fileRef = 5276BE04265A1264006633FC /* ClockView.swift */; };
/* End PBXBuildFile section */

/* Begin PBXFileReference section */
		5276BDE42657F691006633FC /* What Time.app */ = {isa = PBXFileReference; explicitFileType = wrapper.application; includeInIndex = 0; path = "What Time.app"; sourceTree = BUILT_PRODUCTS_DIR; };
		5276BDE72657F691006633FC /* AppDelegate.swift */ = {isa = PBXFileReference; lastKnownFileType = sourcecode.swift; path = AppDelegate.swift; sourceTree = "<group>"; };
		5276BDE92657F691006633FC /* SceneDelegate.swift */ = {isa = PBXFileReference; lastKnownFileType = sourcecode.swift; path = SceneDelegate.swift; sourceTree = "<group>"; };
		5276BDEB2657F691006633FC /* ClockViewController.swift */ = {isa = PBXFileReference; lastKnownFileType = sourcecode.swift; path = ClockViewController.swift; sourceTree = "<group>"; };
		5276BDEE2657F691006633FC /* Base */ = {isa = PBXFileReference; lastKnownFileType = file.storyboard; name = Base; path = Base.lproj/Main.storyboard; sourceTree = "<group>"; };
		5276BDF02657F692006633FC /* Assets.xcassets */ = {isa = PBXFileReference; lastKnownFileType = folder.assetcatalog; path = Assets.xcassets; sourceTree = "<group>"; };
		5276BDF32657F692006633FC /* Base */ = {isa = PBXFileReference; lastKnownFileType = file.storyboard; name = Base; path = Base.lproj/LaunchScreen.storyboard; sourceTree = "<group>"; };
		5276BDF52657F692006633FC /* Info.plist */ = {isa = PBXFileReference; lastKnownFileType = text.plist.xml; path = Info.plist; sourceTree = "<group>"; };
		5276BDFB2658ABDD006633FC /* ClockTicksLayer.swift */ = {isa = PBXFileReference; lastKnownFileType = sourcecode.swift; path = ClockTicksLayer.swift; sourceTree = "<group>"; };
		5276BDFE265912F8006633FC /* ClockNumeralsLayer.swift */ = {isa = PBXFileReference; lastKnownFileType = sourcecode.swift; path = ClockNumeralsLayer.swift; sourceTree = "<group>"; };
		5276BE00265916BF006633FC /* Utilities.swift */ = {isa = PBXFileReference; lastKnownFileType = sourcecode.swift; path = Utilities.swift; sourceTree = "<group>"; };
		5276BE02265948DD006633FC /* ClockHandsLayer.swift */ = {isa = PBXFileReference; lastKnownFileType = sourcecode.swift; path = ClockHandsLayer.swift; sourceTree = "<group>"; };
		5276BE04265A1264006633FC /* ClockView.swift */ = {isa = PBXFileReference; lastKnownFileType = sourcecode.swift; path = ClockView.swift; sourceTree = "<group>"; };
/* End PBXFileReference section */

/* Begin PBXFrameworksBuildPhase section */
		5276BDE12657F691006633FC /* Frameworks */ = {
			isa = PBXFrameworksBuildPhase;
			buildActionMask = 2147483647;
			files = (
			);
			runOnlyForDeploymentPostprocessing = 0;
		};
/* End PBXFrameworksBuildPhase section */

/* Begin PBXGroup section */
		5276BDDB2657F691006633FC = {
			isa = PBXGroup;
			children = (
				5276BDE52657F691006633FC /* Products */,
				5276BDE62657F691006633FC /* What Time */,
			);
			sourceTree = "<group>";
		};
		5276BDE52657F691006633FC /* Products */ = {
			isa = PBXGroup;
			children = (
				5276BDE42657F691006633FC /* What Time.app */,
			);
			name = Products;
			sourceTree = "<group>";
		};
		5276BDE62657F691006633FC /* What Time */ = {
			isa = PBXGroup;
			children = (
				5276BE06265A126D006633FC /* ClockView */,
				5276BDE72657F691006633FC /* AppDelegate.swift */,
				5276BDF02657F692006633FC /* Assets.xcassets */,
				5276BDEB2657F691006633FC /* ClockViewController.swift */,
				5276BDF52657F692006633FC /* Info.plist */,
				5276BDF22657F692006633FC /* LaunchScreen.storyboard */,
				5276BDED2657F691006633FC /* Main.storyboard */,
				5276BDE92657F691006633FC /* SceneDelegate.swift */,
				5276BE00265916BF006633FC /* Utilities.swift */,
			);
			path = "What Time";
			sourceTree = "<group>";
		};
		5276BDFD2658ABEB006633FC /* Layers */ = {
			isa = PBXGroup;
			children = (
				5276BE02265948DD006633FC /* ClockHandsLayer.swift */,
				5276BDFE265912F8006633FC /* ClockNumeralsLayer.swift */,
				5276BDFB2658ABDD006633FC /* ClockTicksLayer.swift */,
			);
			path = Layers;
			sourceTree = "<group>";
		};
		5276BE06265A126D006633FC /* ClockView */ = {
			isa = PBXGroup;
			children = (
				5276BDFD2658ABEB006633FC /* Layers */,
				5276BE04265A1264006633FC /* ClockView.swift */,
			);
			path = ClockView;
			sourceTree = "<group>";
		};
/* End PBXGroup section */

/* Begin PBXNativeTarget section */
		5276BDE32657F691006633FC /* What Time */ = {
			isa = PBXNativeTarget;
			buildConfigurationList = 5276BDF82657F692006633FC /* Build configuration list for PBXNativeTarget "What Time" */;
			buildPhases = (
				5276BDE02657F691006633FC /* Sources */,
				5276BDE12657F691006633FC /* Frameworks */,
				5276BDE22657F691006633FC /* Resources */,
			);
			buildRules = (
			);
			dependencies = (
			);
			name = "What Time";
			productName = "What Time";
			productReference = 5276BDE42657F691006633FC /* What Time.app */;
			productType = "com.apple.product-type.application";
		};
/* End PBXNativeTarget section */

/* Begin PBXProject section */
		5276BDDC2657F691006633FC /* Project object */ = {
			isa = PBXProject;
			attributes = {
				LastSwiftUpdateCheck = 1250;
				LastUpgradeCheck = 1250;
				TargetAttributes = {
					5276BDE32657F691006633FC = {
						CreatedOnToolsVersion = 12.5;
					};
				};
			};
			buildConfigurationList = 5276BDDF2657F691006633FC /* Build configuration list for PBXProject "What Time" */;
			compatibilityVersion = "Xcode 9.3";
			developmentRegion = en;
			hasScannedForEncodings = 0;
			knownRegions = (
				en,
				Base,
			);
			mainGroup = 5276BDDB2657F691006633FC;
			productRefGroup = 5276BDE52657F691006633FC /* Products */;
			projectDirPath = "";
			projectRoot = "";
			targets = (
				5276BDE32657F691006633FC /* What Time */,
			);
		};
/* End PBXProject section */

/* Begin PBXResourcesBuildPhase section */
		5276BDE22657F691006633FC /* Resources */ = {
			isa = PBXResourcesBuildPhase;
			buildActionMask = 2147483647;
			files = (
				5276BDF12657F692006633FC /* Assets.xcassets in Resources */,
				5276BDF42657F692006633FC /* LaunchScreen.storyboard in Resources */,
				5276BDEF2657F691006633FC /* Main.storyboard in Resources */,
			);
			runOnlyForDeploymentPostprocessing = 0;
		};
/* End PBXResourcesBuildPhase section */

/* Begin PBXSourcesBuildPhase section */
		5276BDE02657F691006633FC /* Sources */ = {
			isa = PBXSourcesBuildPhase;
			buildActionMask = 2147483647;
			files = (
				5276BDE82657F691006633FC /* AppDelegate.swift in Sources */,
				5276BE03265948DD006633FC /* ClockHandsLayer.swift in Sources */,
				5276BDFF265912F8006633FC /* ClockNumeralsLayer.swift in Sources */,
				5276BDFC2658ABDD006633FC /* ClockTicksLayer.swift in Sources */,
				5276BE05265A1264006633FC /* ClockView.swift in Sources */,
				5276BDEC2657F691006633FC /* ClockViewController.swift in Sources */,
				5276BDEA2657F691006633FC /* SceneDelegate.swift in Sources */,
				5276BE01265916BF006633FC /* Utilities.swift in Sources */,
			);
			runOnlyForDeploymentPostprocessing = 0;
		};
/* End PBXSourcesBuildPhase section */

/* Begin PBXVariantGroup section */
		5276BDED2657F691006633FC /* Main.storyboard */ = {
			isa = PBXVariantGroup;
			children = (
				5276BDEE2657F691006633FC /* Base */,
			);
			name = Main.storyboard;
			sourceTree = "<group>";
		};
		5276BDF22657F692006633FC /* LaunchScreen.storyboard */ = {
			isa = PBXVariantGroup;
			children = (
				5276BDF32657F692006633FC /* Base */,
			);
			name = LaunchScreen.storyboard;
			sourceTree = "<group>";
		};
/* End PBXVariantGroup section */

/* Begin XCBuildConfiguration section */
		5276BDF62657F692006633FC /* Debug */ = {
			isa = XCBuildConfiguration;
			buildSettings = {
				ALWAYS_SEARCH_USER_PATHS = NO;
				CLANG_ANALYZER_NONNULL = YES;
				CLANG_ANALYZER_NUMBER_OBJECT_CONVERSION = YES_AGGRESSIVE;
				CLANG_CXX_LANGUAGE_STANDARD = "gnu++14";
				CLANG_CXX_LIBRARY = "libc++";
				CLANG_ENABLE_MODULES = YES;
				CLANG_ENABLE_OBJC_ARC = YES;
				CLANG_ENABLE_OBJC_WEAK = YES;
				CLANG_WARN_BLOCK_CAPTURE_AUTORELEASING = YES;
				CLANG_WARN_BOOL_CONVERSION = YES;
				CLANG_WARN_COMMA = YES;
				CLANG_WARN_CONSTANT_CONVERSION = YES;
				CLANG_WARN_DEPRECATED_OBJC_IMPLEMENTATIONS = YES;
				CLANG_WARN_DIRECT_OBJC_ISA_USAGE = YES_ERROR;
				CLANG_WARN_DOCUMENTATION_COMMENTS = YES;
				CLANG_WARN_EMPTY_BODY = YES;
				CLANG_WARN_ENUM_CONVERSION = YES;
				CLANG_WARN_INFINITE_RECURSION = YES;
				CLANG_WARN_INT_CONVERSION = YES;
				CLANG_WARN_NON_LITERAL_NULL_CONVERSION = YES;
				CLANG_WARN_OBJC_IMPLICIT_RETAIN_SELF = YES;
				CLANG_WARN_OBJC_LITERAL_CONVERSION = YES;
				CLANG_WARN_OBJC_ROOT_CLASS = YES_ERROR;
				CLANG_WARN_QUOTED_INCLUDE_IN_FRAMEWORK_HEADER = YES;
				CLANG_WARN_RANGE_LOOP_ANALYSIS = YES;
				CLANG_WARN_STRICT_PROTOTYPES = YES;
				CLANG_WARN_SUSPICIOUS_MOVE = YES;
				CLANG_WARN_UNGUARDED_AVAILABILITY = YES_AGGRESSIVE;
				CLANG_WARN_UNREACHABLE_CODE = YES;
				CLANG_WARN__DUPLICATE_METHOD_MATCH = YES;
				COPY_PHASE_STRIP = NO;
				DEBUG_INFORMATION_FORMAT = dwarf;
				ENABLE_STRICT_OBJC_MSGSEND = YES;
				ENABLE_TESTABILITY = YES;
				GCC_C_LANGUAGE_STANDARD = gnu11;
				GCC_DYNAMIC_NO_PIC = NO;
				GCC_NO_COMMON_BLOCKS = YES;
				GCC_OPTIMIZATION_LEVEL = 0;
				GCC_PREPROCESSOR_DEFINITIONS = (
					"DEBUG=1",
					"$(inherited)",
				);
				GCC_WARN_64_TO_32_BIT_CONVERSION = YES;
				GCC_WARN_ABOUT_RETURN_TYPE = YES_ERROR;
				GCC_WARN_UNDECLARED_SELECTOR = YES;
				GCC_WARN_UNINITIALIZED_AUTOS = YES_AGGRESSIVE;
				GCC_WARN_UNUSED_FUNCTION = YES;
				GCC_WARN_UNUSED_VARIABLE = YES;
				IPHONEOS_DEPLOYMENT_TARGET = 13.0;
				MTL_ENABLE_DEBUG_INFO = INCLUDE_SOURCE;
				MTL_FAST_MATH = YES;
				ONLY_ACTIVE_ARCH = YES;
				SDKROOT = iphoneos;
				SWIFT_ACTIVE_COMPILATION_CONDITIONS = DEBUG;
				SWIFT_OPTIMIZATION_LEVEL = "-Onone";
			};
			name = Debug;
		};
		5276BDF72657F692006633FC /* Release */ = {
			isa = XCBuildConfiguration;
			buildSettings = {
				ALWAYS_SEARCH_USER_PATHS = NO;
				CLANG_ANALYZER_NONNULL = YES;
				CLANG_ANALYZER_NUMBER_OBJECT_CONVERSION = YES_AGGRESSIVE;
				CLANG_CXX_LANGUAGE_STANDARD = "gnu++14";
				CLANG_CXX_LIBRARY = "libc++";
				CLANG_ENABLE_MODULES = YES;
				CLANG_ENABLE_OBJC_ARC = YES;
				CLANG_ENABLE_OBJC_WEAK = YES;
				CLANG_WARN_BLOCK_CAPTURE_AUTORELEASING = YES;
				CLANG_WARN_BOOL_CONVERSION = YES;
				CLANG_WARN_COMMA = YES;
				CLANG_WARN_CONSTANT_CONVERSION = YES;
				CLANG_WARN_DEPRECATED_OBJC_IMPLEMENTATIONS = YES;
				CLANG_WARN_DIRECT_OBJC_ISA_USAGE = YES_ERROR;
				CLANG_WARN_DOCUMENTATION_COMMENTS = YES;
				CLANG_WARN_EMPTY_BODY = YES;
				CLANG_WARN_ENUM_CONVERSION = YES;
				CLANG_WARN_INFINITE_RECURSION = YES;
				CLANG_WARN_INT_CONVERSION = YES;
				CLANG_WARN_NON_LITERAL_NULL_CONVERSION = YES;
				CLANG_WARN_OBJC_IMPLICIT_RETAIN_SELF = YES;
				CLANG_WARN_OBJC_LITERAL_CONVERSION = YES;
				CLANG_WARN_OBJC_ROOT_CLASS = YES_ERROR;
				CLANG_WARN_QUOTED_INCLUDE_IN_FRAMEWORK_HEADER = YES;
				CLANG_WARN_RANGE_LOOP_ANALYSIS = YES;
				CLANG_WARN_STRICT_PROTOTYPES = YES;
				CLANG_WARN_SUSPICIOUS_MOVE = YES;
				CLANG_WARN_UNGUARDED_AVAILABILITY = YES_AGGRESSIVE;
				CLANG_WARN_UNREACHABLE_CODE = YES;
				CLANG_WARN__DUPLICATE_METHOD_MATCH = YES;
				COPY_PHASE_STRIP = NO;
				DEBUG_INFORMATION_FORMAT = "dwarf-with-dsym";
				ENABLE_NS_ASSERTIONS = NO;
				ENABLE_STRICT_OBJC_MSGSEND = YES;
				GCC_C_LANGUAGE_STANDARD = gnu11;
				GCC_NO_COMMON_BLOCKS = YES;
				GCC_WARN_64_TO_32_BIT_CONVERSION = YES;
				GCC_WARN_ABOUT_RETURN_TYPE = YES_ERROR;
				GCC_WARN_UNDECLARED_SELECTOR = YES;
				GCC_WARN_UNINITIALIZED_AUTOS = YES_AGGRESSIVE;
				GCC_WARN_UNUSED_FUNCTION = YES;
				GCC_WARN_UNUSED_VARIABLE = YES;
				IPHONEOS_DEPLOYMENT_TARGET = 13.0;
				MTL_ENABLE_DEBUG_INFO = NO;
				MTL_FAST_MATH = YES;
				SDKROOT = iphoneos;
				SWIFT_COMPILATION_MODE = wholemodule;
				SWIFT_OPTIMIZATION_LEVEL = "-O";
				VALIDATE_PRODUCT = YES;
			};
			name = Release;
		};
		5276BDF92657F692006633FC /* Debug */ = {
			isa = XCBuildConfiguration;
			buildSettings = {
				ASSETCATALOG_COMPILER_APPICON_NAME = AppIcon;
				ASSETCATALOG_COMPILER_GLOBAL_ACCENT_COLOR_NAME = AccentColor;
				CODE_SIGN_STYLE = Automatic;
				DEVELOPMENT_TEAM = 3ZRBTT9ETQ;
				INFOPLIST_FILE = "What Time/Info.plist";
				LD_RUNPATH_SEARCH_PATHS = (
					"$(inherited)",
					"@executable_path/Frameworks",
				);
				PRODUCT_BUNDLE_IDENTIFIER = "com.nelson.What-Time";
				PRODUCT_NAME = "$(TARGET_NAME)";
				SWIFT_VERSION = 5.0;
				TARGETED_DEVICE_FAMILY = 1;
			};
			name = Debug;
		};
		5276BDFA2657F692006633FC /* Release */ = {
			isa = XCBuildConfiguration;
			buildSettings = {
				ASSETCATALOG_COMPILER_APPICON_NAME = AppIcon;
				ASSETCATALOG_COMPILER_GLOBAL_ACCENT_COLOR_NAME = AccentColor;
				CODE_SIGN_STYLE = Automatic;
				DEVELOPMENT_TEAM = 3ZRBTT9ETQ;
				INFOPLIST_FILE = "What Time/Info.plist";
				LD_RUNPATH_SEARCH_PATHS = (
					"$(inherited)",
					"@executable_path/Frameworks",
				);
				PRODUCT_BUNDLE_IDENTIFIER = "com.nelson.What-Time";
				PRODUCT_NAME = "$(TARGET_NAME)";
				SWIFT_VERSION = 5.0;
				TARGETED_DEVICE_FAMILY = 1;
			};
			name = Release;
		};
/* End XCBuildConfiguration section */

/* Begin XCConfigurationList section */
		5276BDDF2657F691006633FC /* Build configuration list for PBXProject "What Time" */ = {
			isa = XCConfigurationList;
			buildConfigurations = (
				5276BDF62657F692006633FC /* Debug */,
				5276BDF72657F692006633FC /* Release */,
			);
			defaultConfigurationIsVisible = 0;
			defaultConfigurationName = Release;
		};
		5276BDF82657F692006633FC /* Build configuration list for PBXNativeTarget "What Time" */ = {
			isa = XCConfigurationList;
			buildConfigurations = (
				5276BDF92657F692006633FC /* Debug */,
				5276BDFA2657F692006633FC /* Release */,
			);
			defaultConfigurationIsVisible = 0;
			defaultConfigurationName = Release;
		};
/* End XCConfigurationList section */
	};
	rootObject = 5276BDDC2657F691006633FC /* Project object */;
}
